
Microsoft Visual Studio Solution File, Format Version 12.00
# Visual Studio Version 17
VisualStudioVersion = 17.1.32421.90
MinimumVisualStudioVersion = 10.0.40219.1
Project("{FAE04EC0-301F-11D3-BF4B-00C04F79EFBC}") = "TP1_TransportesPublicos", "TP1_TransportesPublicos.csproj", "{DB2AD071-2B60-46B3-8325-5557A5BD7E7B}"
EndProject
Global
	GlobalSection(SolutionConfigurationPlatforms) = preSolution
		Debug|Any CPU = Debug|Any CPU
		Release|Any CPU = Release|Any CPU
	EndGlobalSection
	GlobalSection(ProjectConfigurationPlatforms) = postSolution
		{DB2AD071-2B60-46B3-8325-5557A5BD7E7B}.Debug|Any CPU.ActiveCfg = Debug|Any CPU
		{DB2AD071-2B60-46B3-8325-5557A5BD7E7B}.Debug|Any CPU.Build.0 = Debug|Any CPU
		{DB2AD071-2B60-46B3-8325-5557A5BD7E7B}.Release|Any CPU.ActiveCfg = Release|Any CPU
		{DB2AD071-2B60-46B3-8325-5557A5BD7E7B}.Release|Any CPU.Build.0 = Release|Any CPU
	EndGlobalSection
	GlobalSection(SolutionProperties) = preSolution
		HideSolutionNode = FALSE
	EndGlobalSection
	GlobalSection(ExtensibilityGlobals) = postSolution
		SolutionGuid = {B328A551-60D3-42E8-89FD-D3EA6C29F2B2}
	EndGlobalSection
EndGlobal
